{
  "version": 4,
  "terraform_version": "1.10.3",
  "serial": 4,
  "lineage": "84aba1bf-c2a2-04d3-d0a1-71d6876ec8db",
  "outputs": {},
  "resources": [
    {
      "mode": "managed",
      "type": "azurerm_app_service",
      "name": "example",
      "provider": "provider[\"registry.terraform.io/hashicorp/azurerm\"]",
      "instances": [
        {
          "schema_version": 0,
          "attributes": {
            "app_service_plan_id": "/subscriptions/2b4401a9-a4dc-47ab-a7e4-23c5ba5e542c/resourceGroups/project1-resources/providers/Microsoft.Web/serverFarms/project1-appserviceplan",
            "app_settings": {
              "WEBSITE_NODE_DEFAULT_VERSION": "6.9.1"
            },
            "auth_settings": [
              {
                "active_directory": [],
                "additional_login_params": {},
                "allowed_external_redirect_urls": [],
                "default_provider": "",
                "enabled": false,
                "facebook": [],
                "google": [],
                "issuer": "",
                "microsoft": [],
                "runtime_version": "",
                "token_refresh_extension_hours": 0,
                "token_store_enabled": false,
                "twitter": [],
                "unauthenticated_client_action": ""
              }
            ],
            "backup": [],
            "client_affinity_enabled": false,
            "client_cert_enabled": false,
            "client_cert_mode": "Required",
            "connection_string": [],
            "custom_domain_verification_id": "72FD2FD2B0F50ABA10369B962F6CB34AEB0B3BB2AA9E9C7D47661D094D230F01",
            "default_site_hostname": "project1-appservice.azurewebsites.net",
            "enabled": true,
            "https_only": false,
            "id": "/subscriptions/2b4401a9-a4dc-47ab-a7e4-23c5ba5e542c/resourceGroups/project1-resources/providers/Microsoft.Web/sites/project1-appservice",
            "identity": [],
            "key_vault_reference_identity_id": "SystemAssigned",
            "location": "northeurope",
            "logs": [
              {
                "application_logs": [
                  {
                    "azure_blob_storage": [],
                    "file_system_level": "Off"
                  }
                ],
                "detailed_error_messages_enabled": false,
                "failed_request_tracing_enabled": false,
                "http_logs": [
                  {
                    "azure_blob_storage": [],
                    "file_system": []
                  }
                ]
              }
            ],
            "name": "project1-appservice",
            "outbound_ip_address_list": [
              "20.105.0.24",
              "23.101.50.135",
              "23.101.53.221",
              "23.101.56.212",
              "23.101.52.104",
              "23.101.54.230"
            ],
            "outbound_ip_addresses": "20.105.0.24,23.101.50.135,23.101.53.221,23.101.56.212,23.101.52.104,23.101.54.230",
            "possible_outbound_ip_address_list": [
              "20.105.0.24",
              "23.101.50.135",
              "23.101.53.221",
              "23.101.56.212",
              "23.101.52.104",
              "40.112.92.253",
              "40.127.187.51",
              "137.116.230.102",
              "40.127.186.83",
              "40.127.130.95",
              "20.223.37.37",
              "20.223.37.111",
              "20.223.38.36",
              "20.223.38.219",
              "20.223.39.36",
              "20.223.39.117",
              "20.223.47.127",
              "20.223.47.232",
              "20.223.47.236",
              "4.231.128.32",
              "4.231.128.46",
              "4.231.128.180",
              "23.101.54.230"
            ],
            "possible_outbound_ip_addresses": "20.105.0.24,23.101.50.135,23.101.53.221,23.101.56.212,23.101.52.104,40.112.92.253,40.127.187.51,137.116.230.102,40.127.186.83,40.127.130.95,20.223.37.37,20.223.37.111,20.223.38.36,20.223.38.219,20.223.39.36,20.223.39.117,20.223.47.127,20.223.47.232,20.223.47.236,4.231.128.32,4.231.128.46,4.231.128.180,23.101.54.230",
            "resource_group_name": "project1-resources",
            "site_config": [
              {
                "acr_use_managed_identity_credentials": false,
                "acr_user_managed_identity_client_id": "",
                "always_on": false,
                "app_command_line": "",
                "auto_swap_slot_name": "",
                "cors": [],
                "default_documents": [
                  "Default.htm",
                  "Default.html",
                  "Default.asp",
                  "index.htm",
                  "index.html",
                  "iisstart.htm",
                  "default.aspx",
                  "index.php",
                  "hostingstart.html"
                ],
                "dotnet_framework_version": "v4.0",
                "ftps_state": "FtpsOnly",
                "health_check_path": "",
                "http2_enabled": false,
                "ip_restriction": [],
                "java_container": "",
                "java_container_version": "",
                "java_version": "",
                "linux_fx_version": "",
                "local_mysql_enabled": false,
                "managed_pipeline_mode": "Integrated",
                "min_tls_version": "1.2",
                "number_of_workers": 1,
                "php_version": "5.6",
                "python_version": "",
                "remote_debugging_enabled": false,
                "remote_debugging_version": "",
                "scm_ip_restriction": [],
                "scm_type": "None",
                "scm_use_main_ip_restriction": false,
                "use_32_bit_worker_process": true,
                "vnet_route_all_enabled": false,
                "websockets_enabled": false,
                "windows_fx_version": ""
              }
            ],
            "site_credential": [
              {
                "password": "rH0nWYRYY0KonnBYWwZfuGrJCwTG6nCk33TRtGFp2whM6MKZGEcJsfMe3AG1",
                "username": "$project1-appservice"
              }
            ],
            "source_control": [
              {
                "branch": "main",
                "manual_integration": false,
                "repo_url": "",
                "rollback_enabled": false,
                "use_mercurial": false
              }
            ],
            "storage_account": [],
            "tags": null,
            "timeouts": null
          },
          "sensitive_attributes": [],
          "private": "eyJlMmJmYjczMC1lY2FhLTExZTYtOGY4OC0zNDM2M2JjN2M0YzAiOnsiY3JlYXRlIjoxODAwMDAwMDAwMDAwLCJkZWxldGUiOjE4MDAwMDAwMDAwMDAsInJlYWQiOjMwMDAwMDAwMDAwMCwidXBkYXRlIjoxODAwMDAwMDAwMDAwfX0=",
          "dependencies": [
            "azurerm_app_service_plan.example",
            "azurerm_resource_group.example"
          ]
        }
      ]
    },
    {
      "mode": "managed",
      "type": "azurerm_app_service_plan",
      "name": "example",
      "provider": "provider[\"registry.terraform.io/hashicorp/azurerm\"]",
      "instances": [
        {
          "schema_version": 1,
          "attributes": {
            "app_service_environment_id": "",
            "id": "/subscriptions/2b4401a9-a4dc-47ab-a7e4-23c5ba5e542c/resourceGroups/project1-resources/providers/Microsoft.Web/serverFarms/project1-appserviceplan",
            "is_xenon": false,
            "kind": "Windows",
            "location": "northeurope",
            "maximum_elastic_worker_count": 1,
            "maximum_number_of_workers": 3,
            "name": "project1-appserviceplan",
            "per_site_scaling": false,
            "reserved": false,
            "resource_group_name": "project1-resources",
            "sku": [
              {
                "capacity": 1,
                "size": "B1",
                "tier": "Basic"
              }
            ],
            "tags": null,
            "timeouts": null,
            "zone_redundant": false
          },
          "sensitive_attributes": [],
          "private": "eyJlMmJmYjczMC1lY2FhLTExZTYtOGY4OC0zNDM2M2JjN2M0YzAiOnsiY3JlYXRlIjozNjAwMDAwMDAwMDAwLCJkZWxldGUiOjM2MDAwMDAwMDAwMDAsInJlYWQiOjMwMDAwMDAwMDAwMCwidXBkYXRlIjozNjAwMDAwMDAwMDAwfSwic2NoZW1hX3ZlcnNpb24iOiIxIn0=",
          "dependencies": [
            "azurerm_resource_group.example"
          ]
        }
      ]
    },
    {
      "mode": "managed",
      "type": "azurerm_resource_group",
      "name": "example",
      "provider": "provider[\"registry.terraform.io/hashicorp/azurerm\"]",
      "instances": [
        {
          "schema_version": 0,
          "attributes": {
            "id": "/subscriptions/2b4401a9-a4dc-47ab-a7e4-23c5ba5e542c/resourceGroups/project1-resources",
            "location": "northeurope",
            "managed_by": "",
            "name": "project1-resources",
            "tags": null,
            "timeouts": null
          },
          "sensitive_attributes": [],
          "private": "eyJlMmJmYjczMC1lY2FhLTExZTYtOGY4OC0zNDM2M2JjN2M0YzAiOnsiY3JlYXRlIjo1NDAwMDAwMDAwMDAwLCJkZWxldGUiOjU0MDAwMDAwMDAwMDAsInJlYWQiOjMwMDAwMDAwMDAwMCwidXBkYXRlIjo1NDAwMDAwMDAwMDAwfX0="
        }
      ]
    }
  ],
  "check_results": null
}
